{
  "version": 4,
  "terraform_version": "1.3.3",
  "serial": 64,
  "lineage": "f42e2868-b787-b3c5-4643-1d01d5a96176",
  "outputs": {
    "balancer": {
      "value": [
        "balancer1 = 34.105.186.204",
        "balancer2 = 34.105.168.255",
        "balancer3 = 34.89.94.119"
      ],
      "type": [
        "list",
        "string"
      ]
    },
    "balancer_ssh": {
      "value": [
        "https://www.googleapis.com/compute/v1/projects/agisit-2223-calculator-02/zones/europe-west2-b/instances/balancer1",
        "https://www.googleapis.com/compute/v1/projects/agisit-2223-calculator-02/zones/europe-west2-b/instances/balancer2",
        "https://www.googleapis.com/compute/v1/projects/agisit-2223-calculator-02/zones/europe-west2-b/instances/balancer3"
      ],
      "type": [
        "tuple",
        [
          "string",
          "string",
          "string"
        ]
      ]
    },
    "frontend": {
      "value": [
        "frontend1 = 34.142.42.186",
        "frontend2 = 34.89.9.203"
      ],
      "type": [
        "list",
        "string"
      ]
    },
    "web_IPs": {
      "value": [
        "operations1 = 34.159.157.73",
        "operations2 = 34.89.242.170",
        "operations3 = 34.141.83.167",
        "operations4 = 34.141.126.234",
        "operations5 = 34.89.189.132",
        "operations6 = 34.107.72.34"
      ],
      "type": [
        "list",
        "string"
      ]
    }
  },
  "resources": [
    {
      "mode": "managed",
      "type": "google_compute_firewall",
      "name": "balancer_rules",
      "provider": "provider[\"registry.terraform.io/hashicorp/google\"]",
      "instances": [
        {
          "schema_version": 1,
          "attributes": {
            "allow": [
              {
                "ports": [
                  "80",
                  "443",
                  "3001"
                ],
                "protocol": "tcp"
              }
            ],
            "creation_timestamp": "2022-10-31T12:44:03.663-07:00",
            "deny": [],
            "description": "",
            "destination_ranges": [],
            "direction": "INGRESS",
            "disabled": false,
            "enable_logging": null,
            "id": "projects/agisit-2223-calculator-02/global/firewalls/balancer",
            "log_config": [],
            "name": "balancer",
            "network": "https://www.googleapis.com/compute/v1/projects/agisit-2223-calculator-02/global/networks/default",
            "priority": 1000,
            "project": "agisit-2223-calculator-02",
            "self_link": "https://www.googleapis.com/compute/v1/projects/agisit-2223-calculator-02/global/firewalls/balancer",
            "source_ranges": [
              "0.0.0.0/0"
            ],
            "source_service_accounts": null,
            "source_tags": null,
            "target_service_accounts": null,
            "target_tags": [
              "balancer"
            ],
            "timeouts": null
          },
          "sensitive_attributes": [],
          "private": "eyJlMmJmYjczMC1lY2FhLTExZTYtOGY4OC0zNDM2M2JjN2M0YzAiOnsiY3JlYXRlIjoxMjAwMDAwMDAwMDAwLCJkZWxldGUiOjEyMDAwMDAwMDAwMDAsInVwZGF0ZSI6MTIwMDAwMDAwMDAwMH0sInNjaGVtYV92ZXJzaW9uIjoiMSJ9"
        }
      ]
    },
    {
      "mode": "managed",
      "type": "google_compute_firewall",
      "name": "frontend_rules",
      "provider": "provider[\"registry.terraform.io/hashicorp/google\"]",
      "instances": [
        {
          "schema_version": 1,
          "attributes": {
            "allow": [
              {
                "ports": [
                  "80",
                  "443"
                ],
                "protocol": "tcp"
              }
            ],
            "creation_timestamp": "2022-10-31T12:44:03.781-07:00",
            "deny": [],
            "description": "",
            "destination_ranges": [],
            "direction": "INGRESS",
            "disabled": false,
            "enable_logging": null,
            "id": "projects/agisit-2223-calculator-02/global/firewalls/frontend",
            "log_config": [],
            "name": "frontend",
            "network": "https://www.googleapis.com/compute/v1/projects/agisit-2223-calculator-02/global/networks/default",
            "priority": 1000,
            "project": "agisit-2223-calculator-02",
            "self_link": "https://www.googleapis.com/compute/v1/projects/agisit-2223-calculator-02/global/firewalls/frontend",
            "source_ranges": [
              "0.0.0.0/0"
            ],
            "source_service_accounts": null,
            "source_tags": null,
            "target_service_accounts": null,
            "target_tags": [
              "frontend"
            ],
            "timeouts": null
          },
          "sensitive_attributes": [],
          "private": "eyJlMmJmYjczMC1lY2FhLTExZTYtOGY4OC0zNDM2M2JjN2M0YzAiOnsiY3JlYXRlIjoxMjAwMDAwMDAwMDAwLCJkZWxldGUiOjEyMDAwMDAwMDAwMDAsInVwZGF0ZSI6MTIwMDAwMDAwMDAwMH0sInNjaGVtYV92ZXJzaW9uIjoiMSJ9"
        }
      ]
    },
    {
      "mode": "managed",
      "type": "google_compute_firewall",
      "name": "operations_rules",
      "provider": "provider[\"registry.terraform.io/hashicorp/google\"]",
      "instances": [
        {
          "schema_version": 1,
          "attributes": {
            "allow": [
              {
                "ports": [
                  "3000"
                ],
                "protocol": "tcp"
              }
            ],
            "creation_timestamp": "2022-10-31T12:44:03.797-07:00",
            "deny": [],
            "description": "",
            "destination_ranges": [],
            "direction": "INGRESS",
            "disabled": false,
            "enable_logging": null,
            "id": "projects/agisit-2223-calculator-02/global/firewalls/operations",
            "log_config": [],
            "name": "operations",
            "network": "https://www.googleapis.com/compute/v1/projects/agisit-2223-calculator-02/global/networks/default",
            "priority": 1000,
            "project": "agisit-2223-calculator-02",
            "self_link": "https://www.googleapis.com/compute/v1/projects/agisit-2223-calculator-02/global/firewalls/operations",
            "source_ranges": [
              "0.0.0.0/0"
            ],
            "source_service_accounts": null,
            "source_tags": null,
            "target_service_accounts": null,
            "target_tags": [
              "operations"
            ],
            "timeouts": null
          },
          "sensitive_attributes": [],
          "private": "eyJlMmJmYjczMC1lY2FhLTExZTYtOGY4OC0zNDM2M2JjN2M0YzAiOnsiY3JlYXRlIjoxMjAwMDAwMDAwMDAwLCJkZWxldGUiOjEyMDAwMDAwMDAwMDAsInVwZGF0ZSI6MTIwMDAwMDAwMDAwMH0sInNjaGVtYV92ZXJzaW9uIjoiMSJ9"
        }
      ]
    },
    {
      "mode": "managed",
      "type": "google_compute_instance",
      "name": "balancer",
      "provider": "provider[\"registry.terraform.io/hashicorp/google\"]",
      "instances": [
        {
          "index_key": 0,
          "schema_version": 6,
          "attributes": {
            "advanced_machine_features": [],
            "allow_stopping_for_update": null,
            "attached_disk": [],
            "boot_disk": [
              {
                "auto_delete": true,
                "device_name": "persistent-disk-0",
                "disk_encryption_key_raw": "",
                "disk_encryption_key_sha256": "",
                "initialize_params": [
                  {
                    "image": "https://www.googleapis.com/compute/v1/projects/ubuntu-os-cloud/global/images/ubuntu-2004-focal-v20221018",
                    "labels": {},
                    "size": 10,
                    "type": "pd-standard"
                  }
                ],
                "kms_key_self_link": "",
                "mode": "READ_WRITE",
                "source": "https://www.googleapis.com/compute/v1/projects/agisit-2223-calculator-02/zones/europe-west2-b/disks/balancer1"
              }
            ],
            "can_ip_forward": false,
            "confidential_instance_config": [],
            "cpu_platform": "Intel Broadwell",
            "current_status": "RUNNING",
            "deletion_protection": false,
            "description": "",
            "desired_status": null,
            "enable_display": false,
            "guest_accelerator": [],
            "hostname": "",
            "id": "projects/agisit-2223-calculator-02/zones/europe-west2-b/instances/balancer1",
            "instance_id": "5426905406059158379",
            "label_fingerprint": "42WmSpB8rSM=",
            "labels": null,
            "machine_type": "n1-standard-1",
            "metadata": {
              "ssh-keys": "ubuntu:ssh-rsa AAAAB3NzaC1yc2EAAAADAQABAAACAQDiTPY7lC/RPx9WicC8OLWVUJ4yP+U4j/yAOVsffjHOQL6TTPVUF6O/cvxTutQyjF3KFwPX9HcMaC5Y6P0L6oZlRzO9MFX+dQLpv17JRrTiZzYhiJpB7ivBrwRTaNXzn1pgVGd0JKpuY1T5hpxn80HFx8Wg0qfJIV5hWfpusNxKJ8SPmz7ft3Wozhnclfw5uUP8OVsaqr/gRX1rFpdl71hyxK7/6iQtYtztGzRJSG4/DKocuxHrgY9dnSnUpHAD0hGjU8jN6S9hgBZa3QOe49D+K6nYxHuQu6bOli7JleFTUpKbbPdrBmgyvxZgcM9yQzwuhhd4g8qCOTXDERLk6ygnZmIZyiuz+Za05P2IGyaqoBCQYt1x6B/CstxOUA9jl6Os8JfDbYPZE0wSZ/4ayN2QFKdpRxlWt+rMlFgLFZZw7OA5KiGZzt4IPU7u2v7FC/kpirce8iMxfXORXu1IIyHGhncj8gSI1wy5h/AHunHovQAXXBXuSDkOpu13+TaKhRNkA60sRpn53z/YgpsY25JH8XyCeOwRc6Ud5uem8cKnhAvcBf9Hcp2S6kfeN3hPgHcfYtp+od3WCSCDbHg2xd4kxmTI+uBaHvo99xkbb/1P9Q7ufAA2/ypKYaTtTUD8lKyynd46SgzuZ+0nK6xMJokq6xgqkDLRRWjnXi4kWjjLSQ== vagrant@project-mgmt\n"
            },
            "metadata_fingerprint": "UytPBmHohdo=",
            "metadata_startup_script": null,
            "min_cpu_platform": "",
            "name": "balancer1",
            "network_interface": [
              {
                "access_config": [
                  {
                    "nat_ip": "34.105.186.204",
                    "network_tier": "PREMIUM",
                    "public_ptr_domain_name": ""
                  }
                ],
                "alias_ip_range": [],
                "ipv6_access_config": [],
                "ipv6_access_type": "",
                "name": "nic0",
                "network": "https://www.googleapis.com/compute/v1/projects/agisit-2223-calculator-02/global/networks/default",
                "network_ip": "10.154.0.16",
                "nic_type": "",
                "queue_count": 0,
                "stack_type": "IPV4_ONLY",
                "subnetwork": "https://www.googleapis.com/compute/v1/projects/agisit-2223-calculator-02/regions/europe-west2/subnetworks/default",
                "subnetwork_project": "agisit-2223-calculator-02"
              }
            ],
            "project": "agisit-2223-calculator-02",
            "reservation_affinity": [],
            "resource_policies": null,
            "scheduling": [
              {
                "automatic_restart": true,
                "instance_termination_action": "",
                "min_node_cpus": 0,
                "node_affinities": [],
                "on_host_maintenance": "MIGRATE",
                "preemptible": false,
                "provisioning_model": "STANDARD"
              }
            ],
            "scratch_disk": [],
            "self_link": "https://www.googleapis.com/compute/v1/projects/agisit-2223-calculator-02/zones/europe-west2-b/instances/balancer1",
            "service_account": [],
            "shielded_instance_config": [
              {
                "enable_integrity_monitoring": true,
                "enable_secure_boot": false,
                "enable_vtpm": true
              }
            ],
            "tags": [
              "balancer"
            ],
            "tags_fingerprint": "7RIB79AHyl4=",
            "timeouts": null,
            "zone": "europe-west2-b"
          },
          "sensitive_attributes": [],
          "private": "eyJlMmJmYjczMC1lY2FhLTExZTYtOGY4OC0zNDM2M2JjN2M0YzAiOnsiY3JlYXRlIjoxMjAwMDAwMDAwMDAwLCJkZWxldGUiOjEyMDAwMDAwMDAwMDAsInVwZGF0ZSI6MTIwMDAwMDAwMDAwMH0sInNjaGVtYV92ZXJzaW9uIjoiNiJ9"
        },
        {
          "index_key": 1,
          "schema_version": 6,
          "attributes": {
            "advanced_machine_features": [],
            "allow_stopping_for_update": null,
            "attached_disk": [],
            "boot_disk": [
              {
                "auto_delete": true,
                "device_name": "persistent-disk-0",
                "disk_encryption_key_raw": "",
                "disk_encryption_key_sha256": "",
                "initialize_params": [
                  {
                    "image": "https://www.googleapis.com/compute/v1/projects/ubuntu-os-cloud/global/images/ubuntu-2004-focal-v20221018",
                    "labels": {},
                    "size": 10,
                    "type": "pd-standard"
                  }
                ],
                "kms_key_self_link": "",
                "mode": "READ_WRITE",
                "source": "https://www.googleapis.com/compute/v1/projects/agisit-2223-calculator-02/zones/europe-west2-b/disks/balancer2"
              }
            ],
            "can_ip_forward": false,
            "confidential_instance_config": [],
            "cpu_platform": "Intel Broadwell",
            "current_status": "RUNNING",
            "deletion_protection": false,
            "description": "",
            "desired_status": null,
            "enable_display": false,
            "guest_accelerator": [],
            "hostname": "",
            "id": "projects/agisit-2223-calculator-02/zones/europe-west2-b/instances/balancer2",
            "instance_id": "1160031564156738411",
            "label_fingerprint": "42WmSpB8rSM=",
            "labels": null,
            "machine_type": "n1-standard-1",
            "metadata": {
              "ssh-keys": "ubuntu:ssh-rsa AAAAB3NzaC1yc2EAAAADAQABAAACAQDiTPY7lC/RPx9WicC8OLWVUJ4yP+U4j/yAOVsffjHOQL6TTPVUF6O/cvxTutQyjF3KFwPX9HcMaC5Y6P0L6oZlRzO9MFX+dQLpv17JRrTiZzYhiJpB7ivBrwRTaNXzn1pgVGd0JKpuY1T5hpxn80HFx8Wg0qfJIV5hWfpusNxKJ8SPmz7ft3Wozhnclfw5uUP8OVsaqr/gRX1rFpdl71hyxK7/6iQtYtztGzRJSG4/DKocuxHrgY9dnSnUpHAD0hGjU8jN6S9hgBZa3QOe49D+K6nYxHuQu6bOli7JleFTUpKbbPdrBmgyvxZgcM9yQzwuhhd4g8qCOTXDERLk6ygnZmIZyiuz+Za05P2IGyaqoBCQYt1x6B/CstxOUA9jl6Os8JfDbYPZE0wSZ/4ayN2QFKdpRxlWt+rMlFgLFZZw7OA5KiGZzt4IPU7u2v7FC/kpirce8iMxfXORXu1IIyHGhncj8gSI1wy5h/AHunHovQAXXBXuSDkOpu13+TaKhRNkA60sRpn53z/YgpsY25JH8XyCeOwRc6Ud5uem8cKnhAvcBf9Hcp2S6kfeN3hPgHcfYtp+od3WCSCDbHg2xd4kxmTI+uBaHvo99xkbb/1P9Q7ufAA2/ypKYaTtTUD8lKyynd46SgzuZ+0nK6xMJokq6xgqkDLRRWjnXi4kWjjLSQ== vagrant@project-mgmt\n"
            },
            "metadata_fingerprint": "UytPBmHohdo=",
            "metadata_startup_script": null,
            "min_cpu_platform": "",
            "name": "balancer2",
            "network_interface": [
              {
                "access_config": [
                  {
                    "nat_ip": "34.105.168.255",
                    "network_tier": "PREMIUM",
                    "public_ptr_domain_name": ""
                  }
                ],
                "alias_ip_range": [],
                "ipv6_access_config": [],
                "ipv6_access_type": "",
                "name": "nic0",
                "network": "https://www.googleapis.com/compute/v1/projects/agisit-2223-calculator-02/global/networks/default",
                "network_ip": "10.154.0.15",
                "nic_type": "",
                "queue_count": 0,
                "stack_type": "IPV4_ONLY",
                "subnetwork": "https://www.googleapis.com/compute/v1/projects/agisit-2223-calculator-02/regions/europe-west2/subnetworks/default",
                "subnetwork_project": "agisit-2223-calculator-02"
              }
            ],
            "project": "agisit-2223-calculator-02",
            "reservation_affinity": [],
            "resource_policies": null,
            "scheduling": [
              {
                "automatic_restart": true,
                "instance_termination_action": "",
                "min_node_cpus": 0,
                "node_affinities": [],
                "on_host_maintenance": "MIGRATE",
                "preemptible": false,
                "provisioning_model": "STANDARD"
              }
            ],
            "scratch_disk": [],
            "self_link": "https://www.googleapis.com/compute/v1/projects/agisit-2223-calculator-02/zones/europe-west2-b/instances/balancer2",
            "service_account": [],
            "shielded_instance_config": [
              {
                "enable_integrity_monitoring": true,
                "enable_secure_boot": false,
                "enable_vtpm": true
              }
            ],
            "tags": [
              "balancer"
            ],
            "tags_fingerprint": "7RIB79AHyl4=",
            "timeouts": null,
            "zone": "europe-west2-b"
          },
          "sensitive_attributes": [],
          "private": "eyJlMmJmYjczMC1lY2FhLTExZTYtOGY4OC0zNDM2M2JjN2M0YzAiOnsiY3JlYXRlIjoxMjAwMDAwMDAwMDAwLCJkZWxldGUiOjEyMDAwMDAwMDAwMDAsInVwZGF0ZSI6MTIwMDAwMDAwMDAwMH0sInNjaGVtYV92ZXJzaW9uIjoiNiJ9"
        },
        {
          "index_key": 2,
          "schema_version": 6,
          "attributes": {
            "advanced_machine_features": [],
            "allow_stopping_for_update": null,
            "attached_disk": [],
            "boot_disk": [
              {
                "auto_delete": true,
                "device_name": "persistent-disk-0",
                "disk_encryption_key_raw": "",
                "disk_encryption_key_sha256": "",
                "initialize_params": [
                  {
                    "image": "https://www.googleapis.com/compute/v1/projects/ubuntu-os-cloud/global/images/ubuntu-2004-focal-v20221018",
                    "labels": {},
                    "size": 10,
                    "type": "pd-standard"
                  }
                ],
                "kms_key_self_link": "",
                "mode": "READ_WRITE",
                "source": "https://www.googleapis.com/compute/v1/projects/agisit-2223-calculator-02/zones/europe-west2-b/disks/balancer3"
              }
            ],
            "can_ip_forward": false,
            "confidential_instance_config": [],
            "cpu_platform": "Intel Broadwell",
            "current_status": "RUNNING",
            "deletion_protection": false,
            "description": "",
            "desired_status": null,
            "enable_display": false,
            "guest_accelerator": [],
            "hostname": "",
            "id": "projects/agisit-2223-calculator-02/zones/europe-west2-b/instances/balancer3",
            "instance_id": "6204218697642253162",
            "label_fingerprint": "42WmSpB8rSM=",
            "labels": null,
            "machine_type": "n1-standard-1",
            "metadata": {
              "ssh-keys": "ubuntu:ssh-rsa AAAAB3NzaC1yc2EAAAADAQABAAACAQDiTPY7lC/RPx9WicC8OLWVUJ4yP+U4j/yAOVsffjHOQL6TTPVUF6O/cvxTutQyjF3KFwPX9HcMaC5Y6P0L6oZlRzO9MFX+dQLpv17JRrTiZzYhiJpB7ivBrwRTaNXzn1pgVGd0JKpuY1T5hpxn80HFx8Wg0qfJIV5hWfpusNxKJ8SPmz7ft3Wozhnclfw5uUP8OVsaqr/gRX1rFpdl71hyxK7/6iQtYtztGzRJSG4/DKocuxHrgY9dnSnUpHAD0hGjU8jN6S9hgBZa3QOe49D+K6nYxHuQu6bOli7JleFTUpKbbPdrBmgyvxZgcM9yQzwuhhd4g8qCOTXDERLk6ygnZmIZyiuz+Za05P2IGyaqoBCQYt1x6B/CstxOUA9jl6Os8JfDbYPZE0wSZ/4ayN2QFKdpRxlWt+rMlFgLFZZw7OA5KiGZzt4IPU7u2v7FC/kpirce8iMxfXORXu1IIyHGhncj8gSI1wy5h/AHunHovQAXXBXuSDkOpu13+TaKhRNkA60sRpn53z/YgpsY25JH8XyCeOwRc6Ud5uem8cKnhAvcBf9Hcp2S6kfeN3hPgHcfYtp+od3WCSCDbHg2xd4kxmTI+uBaHvo99xkbb/1P9Q7ufAA2/ypKYaTtTUD8lKyynd46SgzuZ+0nK6xMJokq6xgqkDLRRWjnXi4kWjjLSQ== vagrant@project-mgmt\n"
            },
            "metadata_fingerprint": "UytPBmHohdo=",
            "metadata_startup_script": null,
            "min_cpu_platform": "",
            "name": "balancer3",
            "network_interface": [
              {
                "access_config": [
                  {
                    "nat_ip": "34.89.94.119",
                    "network_tier": "PREMIUM",
                    "public_ptr_domain_name": ""
                  }
                ],
                "alias_ip_range": [],
                "ipv6_access_config": [],
                "ipv6_access_type": "",
                "name": "nic0",
                "network": "https://www.googleapis.com/compute/v1/projects/agisit-2223-calculator-02/global/networks/default",
                "network_ip": "10.154.0.18",
                "nic_type": "",
                "queue_count": 0,
                "stack_type": "IPV4_ONLY",
                "subnetwork": "https://www.googleapis.com/compute/v1/projects/agisit-2223-calculator-02/regions/europe-west2/subnetworks/default",
                "subnetwork_project": "agisit-2223-calculator-02"
              }
            ],
            "project": "agisit-2223-calculator-02",
            "reservation_affinity": [],
            "resource_policies": null,
            "scheduling": [
              {
                "automatic_restart": true,
                "instance_termination_action": "",
                "min_node_cpus": 0,
                "node_affinities": [],
                "on_host_maintenance": "MIGRATE",
                "preemptible": false,
                "provisioning_model": "STANDARD"
              }
            ],
            "scratch_disk": [],
            "self_link": "https://www.googleapis.com/compute/v1/projects/agisit-2223-calculator-02/zones/europe-west2-b/instances/balancer3",
            "service_account": [],
            "shielded_instance_config": [
              {
                "enable_integrity_monitoring": true,
                "enable_secure_boot": false,
                "enable_vtpm": true
              }
            ],
            "tags": [
              "balancer"
            ],
            "tags_fingerprint": "7RIB79AHyl4=",
            "timeouts": null,
            "zone": "europe-west2-b"
          },
          "sensitive_attributes": [],
          "private": "eyJlMmJmYjczMC1lY2FhLTExZTYtOGY4OC0zNDM2M2JjN2M0YzAiOnsiY3JlYXRlIjoxMjAwMDAwMDAwMDAwLCJkZWxldGUiOjEyMDAwMDAwMDAwMDAsInVwZGF0ZSI6MTIwMDAwMDAwMDAwMH0sInNjaGVtYV92ZXJzaW9uIjoiNiJ9"
        }
      ]
    },
    {
      "mode": "managed",
      "type": "google_compute_instance",
      "name": "frontend",
      "provider": "provider[\"registry.terraform.io/hashicorp/google\"]",
      "instances": [
        {
          "index_key": 0,
          "schema_version": 6,
          "attributes": {
            "advanced_machine_features": [],
            "allow_stopping_for_update": null,
            "attached_disk": [],
            "boot_disk": [
              {
                "auto_delete": true,
                "device_name": "persistent-disk-0",
                "disk_encryption_key_raw": "",
                "disk_encryption_key_sha256": "",
                "initialize_params": [
                  {
                    "image": "https://www.googleapis.com/compute/v1/projects/ubuntu-os-cloud/global/images/ubuntu-2004-focal-v20221018",
                    "labels": {},
                    "size": 10,
                    "type": "pd-standard"
                  }
                ],
                "kms_key_self_link": "",
                "mode": "READ_WRITE",
                "source": "https://www.googleapis.com/compute/v1/projects/agisit-2223-calculator-02/zones/europe-west2-b/disks/frontend1"
              }
            ],
            "can_ip_forward": false,
            "confidential_instance_config": [],
            "cpu_platform": "Intel Broadwell",
            "current_status": "RUNNING",
            "deletion_protection": false,
            "description": "",
            "desired_status": null,
            "enable_display": false,
            "guest_accelerator": [],
            "hostname": "",
            "id": "projects/agisit-2223-calculator-02/zones/europe-west2-b/instances/frontend1",
            "instance_id": "3420332054423640938",
            "label_fingerprint": "42WmSpB8rSM=",
            "labels": null,
            "machine_type": "n1-standard-1",
            "metadata": {
              "ssh-keys": "ubuntu:ssh-rsa AAAAB3NzaC1yc2EAAAADAQABAAACAQDiTPY7lC/RPx9WicC8OLWVUJ4yP+U4j/yAOVsffjHOQL6TTPVUF6O/cvxTutQyjF3KFwPX9HcMaC5Y6P0L6oZlRzO9MFX+dQLpv17JRrTiZzYhiJpB7ivBrwRTaNXzn1pgVGd0JKpuY1T5hpxn80HFx8Wg0qfJIV5hWfpusNxKJ8SPmz7ft3Wozhnclfw5uUP8OVsaqr/gRX1rFpdl71hyxK7/6iQtYtztGzRJSG4/DKocuxHrgY9dnSnUpHAD0hGjU8jN6S9hgBZa3QOe49D+K6nYxHuQu6bOli7JleFTUpKbbPdrBmgyvxZgcM9yQzwuhhd4g8qCOTXDERLk6ygnZmIZyiuz+Za05P2IGyaqoBCQYt1x6B/CstxOUA9jl6Os8JfDbYPZE0wSZ/4ayN2QFKdpRxlWt+rMlFgLFZZw7OA5KiGZzt4IPU7u2v7FC/kpirce8iMxfXORXu1IIyHGhncj8gSI1wy5h/AHunHovQAXXBXuSDkOpu13+TaKhRNkA60sRpn53z/YgpsY25JH8XyCeOwRc6Ud5uem8cKnhAvcBf9Hcp2S6kfeN3hPgHcfYtp+od3WCSCDbHg2xd4kxmTI+uBaHvo99xkbb/1P9Q7ufAA2/ypKYaTtTUD8lKyynd46SgzuZ+0nK6xMJokq6xgqkDLRRWjnXi4kWjjLSQ== vagrant@project-mgmt\n"
            },
            "metadata_fingerprint": "UytPBmHohdo=",
            "metadata_startup_script": null,
            "min_cpu_platform": "",
            "name": "frontend1",
            "network_interface": [
              {
                "access_config": [
                  {
                    "nat_ip": "34.142.42.186",
                    "network_tier": "PREMIUM",
                    "public_ptr_domain_name": ""
                  }
                ],
                "alias_ip_range": [],
                "ipv6_access_config": [],
                "ipv6_access_type": "",
                "name": "nic0",
                "network": "https://www.googleapis.com/compute/v1/projects/agisit-2223-calculator-02/global/networks/default",
                "network_ip": "10.154.0.17",
                "nic_type": "",
                "queue_count": 0,
                "stack_type": "IPV4_ONLY",
                "subnetwork": "https://www.googleapis.com/compute/v1/projects/agisit-2223-calculator-02/regions/europe-west2/subnetworks/default",
                "subnetwork_project": "agisit-2223-calculator-02"
              }
            ],
            "project": "agisit-2223-calculator-02",
            "reservation_affinity": [],
            "resource_policies": null,
            "scheduling": [
              {
                "automatic_restart": true,
                "instance_termination_action": "",
                "min_node_cpus": 0,
                "node_affinities": [],
                "on_host_maintenance": "MIGRATE",
                "preemptible": false,
                "provisioning_model": "STANDARD"
              }
            ],
            "scratch_disk": [],
            "self_link": "https://www.googleapis.com/compute/v1/projects/agisit-2223-calculator-02/zones/europe-west2-b/instances/frontend1",
            "service_account": [],
            "shielded_instance_config": [
              {
                "enable_integrity_monitoring": true,
                "enable_secure_boot": false,
                "enable_vtpm": true
              }
            ],
            "tags": [
              "frontend"
            ],
            "tags_fingerprint": "4s55Dl-6pHw=",
            "timeouts": null,
            "zone": "europe-west2-b"
          },
          "sensitive_attributes": [],
          "private": "eyJlMmJmYjczMC1lY2FhLTExZTYtOGY4OC0zNDM2M2JjN2M0YzAiOnsiY3JlYXRlIjoxMjAwMDAwMDAwMDAwLCJkZWxldGUiOjEyMDAwMDAwMDAwMDAsInVwZGF0ZSI6MTIwMDAwMDAwMDAwMH0sInNjaGVtYV92ZXJzaW9uIjoiNiJ9"
        },
        {
          "index_key": 1,
          "schema_version": 6,
          "attributes": {
            "advanced_machine_features": [],
            "allow_stopping_for_update": null,
            "attached_disk": [],
            "boot_disk": [
              {
                "auto_delete": true,
                "device_name": "persistent-disk-0",
                "disk_encryption_key_raw": "",
                "disk_encryption_key_sha256": "",
                "initialize_params": [
                  {
                    "image": "https://www.googleapis.com/compute/v1/projects/ubuntu-os-cloud/global/images/ubuntu-2004-focal-v20221018",
                    "labels": {},
                    "size": 10,
                    "type": "pd-standard"
                  }
                ],
                "kms_key_self_link": "",
                "mode": "READ_WRITE",
                "source": "https://www.googleapis.com/compute/v1/projects/agisit-2223-calculator-02/zones/europe-west2-b/disks/frontend2"
              }
            ],
            "can_ip_forward": false,
            "confidential_instance_config": [],
            "cpu_platform": "Intel Broadwell",
            "current_status": "RUNNING",
            "deletion_protection": false,
            "description": "",
            "desired_status": null,
            "enable_display": false,
            "guest_accelerator": [],
            "hostname": "",
            "id": "projects/agisit-2223-calculator-02/zones/europe-west2-b/instances/frontend2",
            "instance_id": "9080300017915108202",
            "label_fingerprint": "42WmSpB8rSM=",
            "labels": null,
            "machine_type": "n1-standard-1",
            "metadata": {
              "ssh-keys": "ubuntu:ssh-rsa AAAAB3NzaC1yc2EAAAADAQABAAACAQDiTPY7lC/RPx9WicC8OLWVUJ4yP+U4j/yAOVsffjHOQL6TTPVUF6O/cvxTutQyjF3KFwPX9HcMaC5Y6P0L6oZlRzO9MFX+dQLpv17JRrTiZzYhiJpB7ivBrwRTaNXzn1pgVGd0JKpuY1T5hpxn80HFx8Wg0qfJIV5hWfpusNxKJ8SPmz7ft3Wozhnclfw5uUP8OVsaqr/gRX1rFpdl71hyxK7/6iQtYtztGzRJSG4/DKocuxHrgY9dnSnUpHAD0hGjU8jN6S9hgBZa3QOe49D+K6nYxHuQu6bOli7JleFTUpKbbPdrBmgyvxZgcM9yQzwuhhd4g8qCOTXDERLk6ygnZmIZyiuz+Za05P2IGyaqoBCQYt1x6B/CstxOUA9jl6Os8JfDbYPZE0wSZ/4ayN2QFKdpRxlWt+rMlFgLFZZw7OA5KiGZzt4IPU7u2v7FC/kpirce8iMxfXORXu1IIyHGhncj8gSI1wy5h/AHunHovQAXXBXuSDkOpu13+TaKhRNkA60sRpn53z/YgpsY25JH8XyCeOwRc6Ud5uem8cKnhAvcBf9Hcp2S6kfeN3hPgHcfYtp+od3WCSCDbHg2xd4kxmTI+uBaHvo99xkbb/1P9Q7ufAA2/ypKYaTtTUD8lKyynd46SgzuZ+0nK6xMJokq6xgqkDLRRWjnXi4kWjjLSQ== vagrant@project-mgmt\n"
            },
            "metadata_fingerprint": "UytPBmHohdo=",
            "metadata_startup_script": null,
            "min_cpu_platform": "",
            "name": "frontend2",
            "network_interface": [
              {
                "access_config": [
                  {
                    "nat_ip": "34.89.9.203",
                    "network_tier": "PREMIUM",
                    "public_ptr_domain_name": ""
                  }
                ],
                "alias_ip_range": [],
                "ipv6_access_config": [],
                "ipv6_access_type": "",
                "name": "nic0",
                "network": "https://www.googleapis.com/compute/v1/projects/agisit-2223-calculator-02/global/networks/default",
                "network_ip": "10.154.0.19",
                "nic_type": "",
                "queue_count": 0,
                "stack_type": "IPV4_ONLY",
                "subnetwork": "https://www.googleapis.com/compute/v1/projects/agisit-2223-calculator-02/regions/europe-west2/subnetworks/default",
                "subnetwork_project": "agisit-2223-calculator-02"
              }
            ],
            "project": "agisit-2223-calculator-02",
            "reservation_affinity": [],
            "resource_policies": null,
            "scheduling": [
              {
                "automatic_restart": true,
                "instance_termination_action": "",
                "min_node_cpus": 0,
                "node_affinities": [],
                "on_host_maintenance": "MIGRATE",
                "preemptible": false,
                "provisioning_model": "STANDARD"
              }
            ],
            "scratch_disk": [],
            "self_link": "https://www.googleapis.com/compute/v1/projects/agisit-2223-calculator-02/zones/europe-west2-b/instances/frontend2",
            "service_account": [],
            "shielded_instance_config": [
              {
                "enable_integrity_monitoring": true,
                "enable_secure_boot": false,
                "enable_vtpm": true
              }
            ],
            "tags": [
              "frontend"
            ],
            "tags_fingerprint": "4s55Dl-6pHw=",
            "timeouts": null,
            "zone": "europe-west2-b"
          },
          "sensitive_attributes": [],
          "private": "eyJlMmJmYjczMC1lY2FhLTExZTYtOGY4OC0zNDM2M2JjN2M0YzAiOnsiY3JlYXRlIjoxMjAwMDAwMDAwMDAwLCJkZWxldGUiOjEyMDAwMDAwMDAwMDAsInVwZGF0ZSI6MTIwMDAwMDAwMDAwMH0sInNjaGVtYV92ZXJzaW9uIjoiNiJ9"
        }
      ]
    },
    {
      "mode": "managed",
      "type": "google_compute_instance",
      "name": "operations",
      "provider": "provider[\"registry.terraform.io/hashicorp/google\"]",
      "instances": [
        {
          "index_key": 0,
          "schema_version": 6,
          "attributes": {
            "advanced_machine_features": [],
            "allow_stopping_for_update": null,
            "attached_disk": [],
            "boot_disk": [
              {
                "auto_delete": true,
                "device_name": "persistent-disk-0",
                "disk_encryption_key_raw": "",
                "disk_encryption_key_sha256": "",
                "initialize_params": [
                  {
                    "image": "https://www.googleapis.com/compute/v1/projects/ubuntu-os-cloud/global/images/ubuntu-2004-focal-v20221018",
                    "labels": {},
                    "size": 10,
                    "type": "pd-standard"
                  }
                ],
                "kms_key_self_link": "",
                "mode": "READ_WRITE",
                "source": "https://www.googleapis.com/compute/v1/projects/agisit-2223-calculator-02/zones/europe-west3-b/disks/operations1"
              }
            ],
            "can_ip_forward": false,
            "confidential_instance_config": [],
            "cpu_platform": "Intel Broadwell",
            "current_status": "RUNNING",
            "deletion_protection": false,
            "description": "",
            "desired_status": null,
            "enable_display": false,
            "guest_accelerator": [],
            "hostname": "",
            "id": "projects/agisit-2223-calculator-02/zones/europe-west3-b/instances/operations1",
            "instance_id": "2920040747523480447",
            "label_fingerprint": "42WmSpB8rSM=",
            "labels": null,
            "machine_type": "n1-standard-1",
            "metadata": {
              "ssh-keys": "ubuntu:ssh-rsa AAAAB3NzaC1yc2EAAAADAQABAAACAQDiTPY7lC/RPx9WicC8OLWVUJ4yP+U4j/yAOVsffjHOQL6TTPVUF6O/cvxTutQyjF3KFwPX9HcMaC5Y6P0L6oZlRzO9MFX+dQLpv17JRrTiZzYhiJpB7ivBrwRTaNXzn1pgVGd0JKpuY1T5hpxn80HFx8Wg0qfJIV5hWfpusNxKJ8SPmz7ft3Wozhnclfw5uUP8OVsaqr/gRX1rFpdl71hyxK7/6iQtYtztGzRJSG4/DKocuxHrgY9dnSnUpHAD0hGjU8jN6S9hgBZa3QOe49D+K6nYxHuQu6bOli7JleFTUpKbbPdrBmgyvxZgcM9yQzwuhhd4g8qCOTXDERLk6ygnZmIZyiuz+Za05P2IGyaqoBCQYt1x6B/CstxOUA9jl6Os8JfDbYPZE0wSZ/4ayN2QFKdpRxlWt+rMlFgLFZZw7OA5KiGZzt4IPU7u2v7FC/kpirce8iMxfXORXu1IIyHGhncj8gSI1wy5h/AHunHovQAXXBXuSDkOpu13+TaKhRNkA60sRpn53z/YgpsY25JH8XyCeOwRc6Ud5uem8cKnhAvcBf9Hcp2S6kfeN3hPgHcfYtp+od3WCSCDbHg2xd4kxmTI+uBaHvo99xkbb/1P9Q7ufAA2/ypKYaTtTUD8lKyynd46SgzuZ+0nK6xMJokq6xgqkDLRRWjnXi4kWjjLSQ== vagrant@project-mgmt\n"
            },
            "metadata_fingerprint": "UytPBmHohdo=",
            "metadata_startup_script": null,
            "min_cpu_platform": "",
            "name": "operations1",
            "network_interface": [
              {
                "access_config": [
                  {
                    "nat_ip": "34.159.157.73",
                    "network_tier": "PREMIUM",
                    "public_ptr_domain_name": ""
                  }
                ],
                "alias_ip_range": [],
                "ipv6_access_config": [],
                "ipv6_access_type": "",
                "name": "nic0",
                "network": "https://www.googleapis.com/compute/v1/projects/agisit-2223-calculator-02/global/networks/default",
                "network_ip": "10.156.0.4",
                "nic_type": "",
                "queue_count": 0,
                "stack_type": "IPV4_ONLY",
                "subnetwork": "https://www.googleapis.com/compute/v1/projects/agisit-2223-calculator-02/regions/europe-west3/subnetworks/default",
                "subnetwork_project": "agisit-2223-calculator-02"
              }
            ],
            "project": "agisit-2223-calculator-02",
            "reservation_affinity": [],
            "resource_policies": null,
            "scheduling": [
              {
                "automatic_restart": true,
                "instance_termination_action": "",
                "min_node_cpus": 0,
                "node_affinities": [],
                "on_host_maintenance": "MIGRATE",
                "preemptible": false,
                "provisioning_model": "STANDARD"
              }
            ],
            "scratch_disk": [],
            "self_link": "https://www.googleapis.com/compute/v1/projects/agisit-2223-calculator-02/zones/europe-west3-b/instances/operations1",
            "service_account": [],
            "shielded_instance_config": [
              {
                "enable_integrity_monitoring": true,
                "enable_secure_boot": false,
                "enable_vtpm": true
              }
            ],
            "tags": [
              "operations"
            ],
            "tags_fingerprint": "uw3lH1ETEmw=",
            "timeouts": null,
            "zone": "europe-west3-b"
          },
          "sensitive_attributes": [],
          "private": "eyJlMmJmYjczMC1lY2FhLTExZTYtOGY4OC0zNDM2M2JjN2M0YzAiOnsiY3JlYXRlIjoxMjAwMDAwMDAwMDAwLCJkZWxldGUiOjEyMDAwMDAwMDAwMDAsInVwZGF0ZSI6MTIwMDAwMDAwMDAwMH0sInNjaGVtYV92ZXJzaW9uIjoiNiJ9"
        },
        {
          "index_key": 1,
          "schema_version": 6,
          "attributes": {
            "advanced_machine_features": [],
            "allow_stopping_for_update": null,
            "attached_disk": [],
            "boot_disk": [
              {
                "auto_delete": true,
                "device_name": "persistent-disk-0",
                "disk_encryption_key_raw": "",
                "disk_encryption_key_sha256": "",
                "initialize_params": [
                  {
                    "image": "https://www.googleapis.com/compute/v1/projects/ubuntu-os-cloud/global/images/ubuntu-2004-focal-v20221018",
                    "labels": {},
                    "size": 10,
                    "type": "pd-standard"
                  }
                ],
                "kms_key_self_link": "",
                "mode": "READ_WRITE",
                "source": "https://www.googleapis.com/compute/v1/projects/agisit-2223-calculator-02/zones/europe-west3-b/disks/operations2"
              }
            ],
            "can_ip_forward": false,
            "confidential_instance_config": [],
            "cpu_platform": "Intel Broadwell",
            "current_status": "RUNNING",
            "deletion_protection": false,
            "description": "",
            "desired_status": null,
            "enable_display": false,
            "guest_accelerator": [],
            "hostname": "",
            "id": "projects/agisit-2223-calculator-02/zones/europe-west3-b/instances/operations2",
            "instance_id": "3207059440386546559",
            "label_fingerprint": "42WmSpB8rSM=",
            "labels": null,
            "machine_type": "n1-standard-1",
            "metadata": {
              "ssh-keys": "ubuntu:ssh-rsa AAAAB3NzaC1yc2EAAAADAQABAAACAQDiTPY7lC/RPx9WicC8OLWVUJ4yP+U4j/yAOVsffjHOQL6TTPVUF6O/cvxTutQyjF3KFwPX9HcMaC5Y6P0L6oZlRzO9MFX+dQLpv17JRrTiZzYhiJpB7ivBrwRTaNXzn1pgVGd0JKpuY1T5hpxn80HFx8Wg0qfJIV5hWfpusNxKJ8SPmz7ft3Wozhnclfw5uUP8OVsaqr/gRX1rFpdl71hyxK7/6iQtYtztGzRJSG4/DKocuxHrgY9dnSnUpHAD0hGjU8jN6S9hgBZa3QOe49D+K6nYxHuQu6bOli7JleFTUpKbbPdrBmgyvxZgcM9yQzwuhhd4g8qCOTXDERLk6ygnZmIZyiuz+Za05P2IGyaqoBCQYt1x6B/CstxOUA9jl6Os8JfDbYPZE0wSZ/4ayN2QFKdpRxlWt+rMlFgLFZZw7OA5KiGZzt4IPU7u2v7FC/kpirce8iMxfXORXu1IIyHGhncj8gSI1wy5h/AHunHovQAXXBXuSDkOpu13+TaKhRNkA60sRpn53z/YgpsY25JH8XyCeOwRc6Ud5uem8cKnhAvcBf9Hcp2S6kfeN3hPgHcfYtp+od3WCSCDbHg2xd4kxmTI+uBaHvo99xkbb/1P9Q7ufAA2/ypKYaTtTUD8lKyynd46SgzuZ+0nK6xMJokq6xgqkDLRRWjnXi4kWjjLSQ== vagrant@project-mgmt\n"
            },
            "metadata_fingerprint": "UytPBmHohdo=",
            "metadata_startup_script": null,
            "min_cpu_platform": "",
            "name": "operations2",
            "network_interface": [
              {
                "access_config": [
                  {
                    "nat_ip": "34.89.242.170",
                    "network_tier": "PREMIUM",
                    "public_ptr_domain_name": ""
                  }
                ],
                "alias_ip_range": [],
                "ipv6_access_config": [],
                "ipv6_access_type": "",
                "name": "nic0",
                "network": "https://www.googleapis.com/compute/v1/projects/agisit-2223-calculator-02/global/networks/default",
                "network_ip": "10.156.0.5",
                "nic_type": "",
                "queue_count": 0,
                "stack_type": "IPV4_ONLY",
                "subnetwork": "https://www.googleapis.com/compute/v1/projects/agisit-2223-calculator-02/regions/europe-west3/subnetworks/default",
                "subnetwork_project": "agisit-2223-calculator-02"
              }
            ],
            "project": "agisit-2223-calculator-02",
            "reservation_affinity": [],
            "resource_policies": null,
            "scheduling": [
              {
                "automatic_restart": true,
                "instance_termination_action": "",
                "min_node_cpus": 0,
                "node_affinities": [],
                "on_host_maintenance": "MIGRATE",
                "preemptible": false,
                "provisioning_model": "STANDARD"
              }
            ],
            "scratch_disk": [],
            "self_link": "https://www.googleapis.com/compute/v1/projects/agisit-2223-calculator-02/zones/europe-west3-b/instances/operations2",
            "service_account": [],
            "shielded_instance_config": [
              {
                "enable_integrity_monitoring": true,
                "enable_secure_boot": false,
                "enable_vtpm": true
              }
            ],
            "tags": [
              "operations"
            ],
            "tags_fingerprint": "uw3lH1ETEmw=",
            "timeouts": null,
            "zone": "europe-west3-b"
          },
          "sensitive_attributes": [],
          "private": "eyJlMmJmYjczMC1lY2FhLTExZTYtOGY4OC0zNDM2M2JjN2M0YzAiOnsiY3JlYXRlIjoxMjAwMDAwMDAwMDAwLCJkZWxldGUiOjEyMDAwMDAwMDAwMDAsInVwZGF0ZSI6MTIwMDAwMDAwMDAwMH0sInNjaGVtYV92ZXJzaW9uIjoiNiJ9"
        },
        {
          "index_key": 2,
          "schema_version": 6,
          "attributes": {
            "advanced_machine_features": [],
            "allow_stopping_for_update": null,
            "attached_disk": [],
            "boot_disk": [
              {
                "auto_delete": true,
                "device_name": "persistent-disk-0",
                "disk_encryption_key_raw": "",
                "disk_encryption_key_sha256": "",
                "initialize_params": [
                  {
                    "image": "https://www.googleapis.com/compute/v1/projects/ubuntu-os-cloud/global/images/ubuntu-2004-focal-v20221018",
                    "labels": {},
                    "size": 10,
                    "type": "pd-standard"
                  }
                ],
                "kms_key_self_link": "",
                "mode": "READ_WRITE",
                "source": "https://www.googleapis.com/compute/v1/projects/agisit-2223-calculator-02/zones/europe-west3-b/disks/operations3"
              }
            ],
            "can_ip_forward": false,
            "confidential_instance_config": [],
            "cpu_platform": "Intel Broadwell",
            "current_status": "RUNNING",
            "deletion_protection": false,
            "description": "",
            "desired_status": null,
            "enable_display": false,
            "guest_accelerator": [],
            "hostname": "",
            "id": "projects/agisit-2223-calculator-02/zones/europe-west3-b/instances/operations3",
            "instance_id": "7753155024666860414",
            "label_fingerprint": "42WmSpB8rSM=",
            "labels": null,
            "machine_type": "n1-standard-1",
            "metadata": {
              "ssh-keys": "ubuntu:ssh-rsa AAAAB3NzaC1yc2EAAAADAQABAAACAQDiTPY7lC/RPx9WicC8OLWVUJ4yP+U4j/yAOVsffjHOQL6TTPVUF6O/cvxTutQyjF3KFwPX9HcMaC5Y6P0L6oZlRzO9MFX+dQLpv17JRrTiZzYhiJpB7ivBrwRTaNXzn1pgVGd0JKpuY1T5hpxn80HFx8Wg0qfJIV5hWfpusNxKJ8SPmz7ft3Wozhnclfw5uUP8OVsaqr/gRX1rFpdl71hyxK7/6iQtYtztGzRJSG4/DKocuxHrgY9dnSnUpHAD0hGjU8jN6S9hgBZa3QOe49D+K6nYxHuQu6bOli7JleFTUpKbbPdrBmgyvxZgcM9yQzwuhhd4g8qCOTXDERLk6ygnZmIZyiuz+Za05P2IGyaqoBCQYt1x6B/CstxOUA9jl6Os8JfDbYPZE0wSZ/4ayN2QFKdpRxlWt+rMlFgLFZZw7OA5KiGZzt4IPU7u2v7FC/kpirce8iMxfXORXu1IIyHGhncj8gSI1wy5h/AHunHovQAXXBXuSDkOpu13+TaKhRNkA60sRpn53z/YgpsY25JH8XyCeOwRc6Ud5uem8cKnhAvcBf9Hcp2S6kfeN3hPgHcfYtp+od3WCSCDbHg2xd4kxmTI+uBaHvo99xkbb/1P9Q7ufAA2/ypKYaTtTUD8lKyynd46SgzuZ+0nK6xMJokq6xgqkDLRRWjnXi4kWjjLSQ== vagrant@project-mgmt\n"
            },
            "metadata_fingerprint": "UytPBmHohdo=",
            "metadata_startup_script": null,
            "min_cpu_platform": "",
            "name": "operations3",
            "network_interface": [
              {
                "access_config": [
                  {
                    "nat_ip": "34.141.83.167",
                    "network_tier": "PREMIUM",
                    "public_ptr_domain_name": ""
                  }
                ],
                "alias_ip_range": [],
                "ipv6_access_config": [],
                "ipv6_access_type": "",
                "name": "nic0",
                "network": "https://www.googleapis.com/compute/v1/projects/agisit-2223-calculator-02/global/networks/default",
                "network_ip": "10.156.0.6",
                "nic_type": "",
                "queue_count": 0,
                "stack_type": "IPV4_ONLY",
                "subnetwork": "https://www.googleapis.com/compute/v1/projects/agisit-2223-calculator-02/regions/europe-west3/subnetworks/default",
                "subnetwork_project": "agisit-2223-calculator-02"
              }
            ],
            "project": "agisit-2223-calculator-02",
            "reservation_affinity": [],
            "resource_policies": null,
            "scheduling": [
              {
                "automatic_restart": true,
                "instance_termination_action": "",
                "min_node_cpus": 0,
                "node_affinities": [],
                "on_host_maintenance": "MIGRATE",
                "preemptible": false,
                "provisioning_model": "STANDARD"
              }
            ],
            "scratch_disk": [],
            "self_link": "https://www.googleapis.com/compute/v1/projects/agisit-2223-calculator-02/zones/europe-west3-b/instances/operations3",
            "service_account": [],
            "shielded_instance_config": [
              {
                "enable_integrity_monitoring": true,
                "enable_secure_boot": false,
                "enable_vtpm": true
              }
            ],
            "tags": [
              "operations"
            ],
            "tags_fingerprint": "uw3lH1ETEmw=",
            "timeouts": null,
            "zone": "europe-west3-b"
          },
          "sensitive_attributes": [],
          "private": "eyJlMmJmYjczMC1lY2FhLTExZTYtOGY4OC0zNDM2M2JjN2M0YzAiOnsiY3JlYXRlIjoxMjAwMDAwMDAwMDAwLCJkZWxldGUiOjEyMDAwMDAwMDAwMDAsInVwZGF0ZSI6MTIwMDAwMDAwMDAwMH0sInNjaGVtYV92ZXJzaW9uIjoiNiJ9"
        },
        {
          "index_key": 3,
          "schema_version": 6,
          "attributes": {
            "advanced_machine_features": [],
            "allow_stopping_for_update": null,
            "attached_disk": [],
            "boot_disk": [
              {
                "auto_delete": true,
                "device_name": "persistent-disk-0",
                "disk_encryption_key_raw": "",
                "disk_encryption_key_sha256": "",
                "initialize_params": [
                  {
                    "image": "https://www.googleapis.com/compute/v1/projects/ubuntu-os-cloud/global/images/ubuntu-2004-focal-v20221018",
                    "labels": {},
                    "size": 10,
                    "type": "pd-standard"
                  }
                ],
                "kms_key_self_link": "",
                "mode": "READ_WRITE",
                "source": "https://www.googleapis.com/compute/v1/projects/agisit-2223-calculator-02/zones/europe-west3-b/disks/operations4"
              }
            ],
            "can_ip_forward": false,
            "confidential_instance_config": [],
            "cpu_platform": "Intel Broadwell",
            "current_status": "RUNNING",
            "deletion_protection": false,
            "description": "",
            "desired_status": null,
            "enable_display": false,
            "guest_accelerator": [],
            "hostname": "",
            "id": "projects/agisit-2223-calculator-02/zones/europe-west3-b/instances/operations4",
            "instance_id": "7670760522384251774",
            "label_fingerprint": "42WmSpB8rSM=",
            "labels": null,
            "machine_type": "n1-standard-1",
            "metadata": {
              "ssh-keys": "ubuntu:ssh-rsa AAAAB3NzaC1yc2EAAAADAQABAAACAQDiTPY7lC/RPx9WicC8OLWVUJ4yP+U4j/yAOVsffjHOQL6TTPVUF6O/cvxTutQyjF3KFwPX9HcMaC5Y6P0L6oZlRzO9MFX+dQLpv17JRrTiZzYhiJpB7ivBrwRTaNXzn1pgVGd0JKpuY1T5hpxn80HFx8Wg0qfJIV5hWfpusNxKJ8SPmz7ft3Wozhnclfw5uUP8OVsaqr/gRX1rFpdl71hyxK7/6iQtYtztGzRJSG4/DKocuxHrgY9dnSnUpHAD0hGjU8jN6S9hgBZa3QOe49D+K6nYxHuQu6bOli7JleFTUpKbbPdrBmgyvxZgcM9yQzwuhhd4g8qCOTXDERLk6ygnZmIZyiuz+Za05P2IGyaqoBCQYt1x6B/CstxOUA9jl6Os8JfDbYPZE0wSZ/4ayN2QFKdpRxlWt+rMlFgLFZZw7OA5KiGZzt4IPU7u2v7FC/kpirce8iMxfXORXu1IIyHGhncj8gSI1wy5h/AHunHovQAXXBXuSDkOpu13+TaKhRNkA60sRpn53z/YgpsY25JH8XyCeOwRc6Ud5uem8cKnhAvcBf9Hcp2S6kfeN3hPgHcfYtp+od3WCSCDbHg2xd4kxmTI+uBaHvo99xkbb/1P9Q7ufAA2/ypKYaTtTUD8lKyynd46SgzuZ+0nK6xMJokq6xgqkDLRRWjnXi4kWjjLSQ== vagrant@project-mgmt\n"
            },
            "metadata_fingerprint": "UytPBmHohdo=",
            "metadata_startup_script": null,
            "min_cpu_platform": "",
            "name": "operations4",
            "network_interface": [
              {
                "access_config": [
                  {
                    "nat_ip": "34.141.126.234",
                    "network_tier": "PREMIUM",
                    "public_ptr_domain_name": ""
                  }
                ],
                "alias_ip_range": [],
                "ipv6_access_config": [],
                "ipv6_access_type": "",
                "name": "nic0",
                "network": "https://www.googleapis.com/compute/v1/projects/agisit-2223-calculator-02/global/networks/default",
                "network_ip": "10.156.0.7",
                "nic_type": "",
                "queue_count": 0,
                "stack_type": "IPV4_ONLY",
                "subnetwork": "https://www.googleapis.com/compute/v1/projects/agisit-2223-calculator-02/regions/europe-west3/subnetworks/default",
                "subnetwork_project": "agisit-2223-calculator-02"
              }
            ],
            "project": "agisit-2223-calculator-02",
            "reservation_affinity": [],
            "resource_policies": null,
            "scheduling": [
              {
                "automatic_restart": true,
                "instance_termination_action": "",
                "min_node_cpus": 0,
                "node_affinities": [],
                "on_host_maintenance": "MIGRATE",
                "preemptible": false,
                "provisioning_model": "STANDARD"
              }
            ],
            "scratch_disk": [],
            "self_link": "https://www.googleapis.com/compute/v1/projects/agisit-2223-calculator-02/zones/europe-west3-b/instances/operations4",
            "service_account": [],
            "shielded_instance_config": [
              {
                "enable_integrity_monitoring": true,
                "enable_secure_boot": false,
                "enable_vtpm": true
              }
            ],
            "tags": [
              "operations"
            ],
            "tags_fingerprint": "uw3lH1ETEmw=",
            "timeouts": null,
            "zone": "europe-west3-b"
          },
          "sensitive_attributes": [],
          "private": "eyJlMmJmYjczMC1lY2FhLTExZTYtOGY4OC0zNDM2M2JjN2M0YzAiOnsiY3JlYXRlIjoxMjAwMDAwMDAwMDAwLCJkZWxldGUiOjEyMDAwMDAwMDAwMDAsInVwZGF0ZSI6MTIwMDAwMDAwMDAwMH0sInNjaGVtYV92ZXJzaW9uIjoiNiJ9"
        },
        {
          "index_key": 4,
          "schema_version": 6,
          "attributes": {
            "advanced_machine_features": [],
            "allow_stopping_for_update": null,
            "attached_disk": [],
            "boot_disk": [
              {
                "auto_delete": true,
                "device_name": "persistent-disk-0",
                "disk_encryption_key_raw": "",
                "disk_encryption_key_sha256": "",
                "initialize_params": [
                  {
                    "image": "https://www.googleapis.com/compute/v1/projects/ubuntu-os-cloud/global/images/ubuntu-2004-focal-v20221018",
                    "labels": {},
                    "size": 10,
                    "type": "pd-standard"
                  }
                ],
                "kms_key_self_link": "",
                "mode": "READ_WRITE",
                "source": "https://www.googleapis.com/compute/v1/projects/agisit-2223-calculator-02/zones/europe-west3-b/disks/operations5"
              }
            ],
            "can_ip_forward": false,
            "confidential_instance_config": [],
            "cpu_platform": "Intel Broadwell",
            "current_status": "RUNNING",
            "deletion_protection": false,
            "description": "",
            "desired_status": null,
            "enable_display": false,
            "guest_accelerator": [],
            "hostname": "",
            "id": "projects/agisit-2223-calculator-02/zones/europe-west3-b/instances/operations5",
            "instance_id": "1413601369546136427",
            "label_fingerprint": "42WmSpB8rSM=",
            "labels": null,
            "machine_type": "n1-standard-1",
            "metadata": {
              "ssh-keys": "ubuntu:ssh-rsa AAAAB3NzaC1yc2EAAAADAQABAAACAQDiTPY7lC/RPx9WicC8OLWVUJ4yP+U4j/yAOVsffjHOQL6TTPVUF6O/cvxTutQyjF3KFwPX9HcMaC5Y6P0L6oZlRzO9MFX+dQLpv17JRrTiZzYhiJpB7ivBrwRTaNXzn1pgVGd0JKpuY1T5hpxn80HFx8Wg0qfJIV5hWfpusNxKJ8SPmz7ft3Wozhnclfw5uUP8OVsaqr/gRX1rFpdl71hyxK7/6iQtYtztGzRJSG4/DKocuxHrgY9dnSnUpHAD0hGjU8jN6S9hgBZa3QOe49D+K6nYxHuQu6bOli7JleFTUpKbbPdrBmgyvxZgcM9yQzwuhhd4g8qCOTXDERLk6ygnZmIZyiuz+Za05P2IGyaqoBCQYt1x6B/CstxOUA9jl6Os8JfDbYPZE0wSZ/4ayN2QFKdpRxlWt+rMlFgLFZZw7OA5KiGZzt4IPU7u2v7FC/kpirce8iMxfXORXu1IIyHGhncj8gSI1wy5h/AHunHovQAXXBXuSDkOpu13+TaKhRNkA60sRpn53z/YgpsY25JH8XyCeOwRc6Ud5uem8cKnhAvcBf9Hcp2S6kfeN3hPgHcfYtp+od3WCSCDbHg2xd4kxmTI+uBaHvo99xkbb/1P9Q7ufAA2/ypKYaTtTUD8lKyynd46SgzuZ+0nK6xMJokq6xgqkDLRRWjnXi4kWjjLSQ== vagrant@project-mgmt\n"
            },
            "metadata_fingerprint": "UytPBmHohdo=",
            "metadata_startup_script": null,
            "min_cpu_platform": "",
            "name": "operations5",
            "network_interface": [
              {
                "access_config": [
                  {
                    "nat_ip": "34.89.189.132",
                    "network_tier": "PREMIUM",
                    "public_ptr_domain_name": ""
                  }
                ],
                "alias_ip_range": [],
                "ipv6_access_config": [],
                "ipv6_access_type": "",
                "name": "nic0",
                "network": "https://www.googleapis.com/compute/v1/projects/agisit-2223-calculator-02/global/networks/default",
                "network_ip": "10.156.0.3",
                "nic_type": "",
                "queue_count": 0,
                "stack_type": "IPV4_ONLY",
                "subnetwork": "https://www.googleapis.com/compute/v1/projects/agisit-2223-calculator-02/regions/europe-west3/subnetworks/default",
                "subnetwork_project": "agisit-2223-calculator-02"
              }
            ],
            "project": "agisit-2223-calculator-02",
            "reservation_affinity": [],
            "resource_policies": null,
            "scheduling": [
              {
                "automatic_restart": true,
                "instance_termination_action": "",
                "min_node_cpus": 0,
                "node_affinities": [],
                "on_host_maintenance": "MIGRATE",
                "preemptible": false,
                "provisioning_model": "STANDARD"
              }
            ],
            "scratch_disk": [],
            "self_link": "https://www.googleapis.com/compute/v1/projects/agisit-2223-calculator-02/zones/europe-west3-b/instances/operations5",
            "service_account": [],
            "shielded_instance_config": [
              {
                "enable_integrity_monitoring": true,
                "enable_secure_boot": false,
                "enable_vtpm": true
              }
            ],
            "tags": [
              "operations"
            ],
            "tags_fingerprint": "uw3lH1ETEmw=",
            "timeouts": null,
            "zone": "europe-west3-b"
          },
          "sensitive_attributes": [],
          "private": "eyJlMmJmYjczMC1lY2FhLTExZTYtOGY4OC0zNDM2M2JjN2M0YzAiOnsiY3JlYXRlIjoxMjAwMDAwMDAwMDAwLCJkZWxldGUiOjEyMDAwMDAwMDAwMDAsInVwZGF0ZSI6MTIwMDAwMDAwMDAwMH0sInNjaGVtYV92ZXJzaW9uIjoiNiJ9"
        },
        {
          "index_key": 5,
          "schema_version": 6,
          "attributes": {
            "advanced_machine_features": [],
            "allow_stopping_for_update": null,
            "attached_disk": [],
            "boot_disk": [
              {
                "auto_delete": true,
                "device_name": "persistent-disk-0",
                "disk_encryption_key_raw": "",
                "disk_encryption_key_sha256": "",
                "initialize_params": [
                  {
                    "image": "https://www.googleapis.com/compute/v1/projects/ubuntu-os-cloud/global/images/ubuntu-2004-focal-v20221018",
                    "labels": {},
                    "size": 10,
                    "type": "pd-standard"
                  }
                ],
                "kms_key_self_link": "",
                "mode": "READ_WRITE",
                "source": "https://www.googleapis.com/compute/v1/projects/agisit-2223-calculator-02/zones/europe-west3-b/disks/operations6"
              }
            ],
            "can_ip_forward": false,
            "confidential_instance_config": [],
            "cpu_platform": "Intel Broadwell",
            "current_status": "RUNNING",
            "deletion_protection": false,
            "description": "",
            "desired_status": null,
            "enable_display": false,
            "guest_accelerator": [],
            "hostname": "",
            "id": "projects/agisit-2223-calculator-02/zones/europe-west3-b/instances/operations6",
            "instance_id": "176470820578499435",
            "label_fingerprint": "42WmSpB8rSM=",
            "labels": null,
            "machine_type": "n1-standard-1",
            "metadata": {
              "ssh-keys": "ubuntu:ssh-rsa AAAAB3NzaC1yc2EAAAADAQABAAACAQDiTPY7lC/RPx9WicC8OLWVUJ4yP+U4j/yAOVsffjHOQL6TTPVUF6O/cvxTutQyjF3KFwPX9HcMaC5Y6P0L6oZlRzO9MFX+dQLpv17JRrTiZzYhiJpB7ivBrwRTaNXzn1pgVGd0JKpuY1T5hpxn80HFx8Wg0qfJIV5hWfpusNxKJ8SPmz7ft3Wozhnclfw5uUP8OVsaqr/gRX1rFpdl71hyxK7/6iQtYtztGzRJSG4/DKocuxHrgY9dnSnUpHAD0hGjU8jN6S9hgBZa3QOe49D+K6nYxHuQu6bOli7JleFTUpKbbPdrBmgyvxZgcM9yQzwuhhd4g8qCOTXDERLk6ygnZmIZyiuz+Za05P2IGyaqoBCQYt1x6B/CstxOUA9jl6Os8JfDbYPZE0wSZ/4ayN2QFKdpRxlWt+rMlFgLFZZw7OA5KiGZzt4IPU7u2v7FC/kpirce8iMxfXORXu1IIyHGhncj8gSI1wy5h/AHunHovQAXXBXuSDkOpu13+TaKhRNkA60sRpn53z/YgpsY25JH8XyCeOwRc6Ud5uem8cKnhAvcBf9Hcp2S6kfeN3hPgHcfYtp+od3WCSCDbHg2xd4kxmTI+uBaHvo99xkbb/1P9Q7ufAA2/ypKYaTtTUD8lKyynd46SgzuZ+0nK6xMJokq6xgqkDLRRWjnXi4kWjjLSQ== vagrant@project-mgmt\n"
            },
            "metadata_fingerprint": "UytPBmHohdo=",
            "metadata_startup_script": null,
            "min_cpu_platform": "",
            "name": "operations6",
            "network_interface": [
              {
                "access_config": [
                  {
                    "nat_ip": "34.107.72.34",
                    "network_tier": "PREMIUM",
                    "public_ptr_domain_name": ""
                  }
                ],
                "alias_ip_range": [],
                "ipv6_access_config": [],
                "ipv6_access_type": "",
                "name": "nic0",
                "network": "https://www.googleapis.com/compute/v1/projects/agisit-2223-calculator-02/global/networks/default",
                "network_ip": "10.156.0.2",
                "nic_type": "",
                "queue_count": 0,
                "stack_type": "IPV4_ONLY",
                "subnetwork": "https://www.googleapis.com/compute/v1/projects/agisit-2223-calculator-02/regions/europe-west3/subnetworks/default",
                "subnetwork_project": "agisit-2223-calculator-02"
              }
            ],
            "project": "agisit-2223-calculator-02",
            "reservation_affinity": [],
            "resource_policies": null,
            "scheduling": [
              {
                "automatic_restart": true,
                "instance_termination_action": "",
                "min_node_cpus": 0,
                "node_affinities": [],
                "on_host_maintenance": "MIGRATE",
                "preemptible": false,
                "provisioning_model": "STANDARD"
              }
            ],
            "scratch_disk": [],
            "self_link": "https://www.googleapis.com/compute/v1/projects/agisit-2223-calculator-02/zones/europe-west3-b/instances/operations6",
            "service_account": [],
            "shielded_instance_config": [
              {
                "enable_integrity_monitoring": true,
                "enable_secure_boot": false,
                "enable_vtpm": true
              }
            ],
            "tags": [
              "operations"
            ],
            "tags_fingerprint": "uw3lH1ETEmw=",
            "timeouts": null,
            "zone": "europe-west3-b"
          },
          "sensitive_attributes": [],
          "private": "eyJlMmJmYjczMC1lY2FhLTExZTYtOGY4OC0zNDM2M2JjN2M0YzAiOnsiY3JlYXRlIjoxMjAwMDAwMDAwMDAwLCJkZWxldGUiOjEyMDAwMDAwMDAwMDAsInVwZGF0ZSI6MTIwMDAwMDAwMDAwMH0sInNjaGVtYV92ZXJzaW9uIjoiNiJ9"
        }
      ]
    }
  ],
  "check_results": []
}
